
Microsoft Visual Studio Solution File, Format Version 12.00
# Visual Studio Version 16
VisualStudioVersion = 16.0.31424.327
MinimumVisualStudioVersion = 10.0.40219.1
Project("{FAE04EC0-301F-11D3-BF4B-00C04F79EFBC}") = "VersionWriter", "VersionWriter.csproj", "{4DDB05F4-D515-40B3-92C1-46ED75801F24}"
EndProject
Global
	GlobalSection(SolutionConfigurationPlatforms) = preSolution
		Debug|Any CPU = Debug|Any CPU
		Release|Any CPU = Release|Any CPU
	EndGlobalSection
	GlobalSection(ProjectConfigurationPlatforms) = postSolution
		{4DDB05F4-D515-40B3-92C1-46ED75801F24}.Debug|Any CPU.ActiveCfg = Debug|Any CPU
		{4DDB05F4-D515-40B3-92C1-46ED75801F24}.Debug|Any CPU.Build.0 = Debug|Any CPU
		{4DDB05F4-D515-40B3-92C1-46ED75801F24}.Release|Any CPU.ActiveCfg = Release|Any CPU
		{4DDB05F4-D515-40B3-92C1-46ED75801F24}.Release|Any CPU.Build.0 = Release|Any CPU
	EndGlobalSection
	GlobalSection(SolutionProperties) = preSolution
		HideSolutionNode = FALSE
	EndGlobalSection
	GlobalSection(ExtensibilityGlobals) = postSolution
		SolutionGuid = {63F0E4BF-52F1-441E-B97C-333BAF69ACFC}
	EndGlobalSection
EndGlobal
